
Microsoft Visual Studio Solution File, Format Version 12.00
# Visual Studio Version 17
VisualStudioVersion = 17.3.32929.385
MinimumVisualStudioVersion = 10.0.40219.1
Project("{FAE04EC0-301F-11D3-BF4B-00C04F79EFBC}") = "Robot", "Robot\Robot.csproj", "{7298B519-F66B-42C7-A22B-AECC5A32D1CF}"
EndProject
Global
	GlobalSection(SolutionConfigurationPlatforms) = preSolution
		Debug|Any CPU = Debug|Any CPU
		Release|Any CPU = Release|Any CPU
	EndGlobalSection
	GlobalSection(ProjectConfigurationPlatforms) = postSolution
		{7298B519-F66B-42C7-A22B-AECC5A32D1CF}.Debug|Any CPU.ActiveCfg = Debug|Any CPU
		{7298B519-F66B-42C7-A22B-AECC5A32D1CF}.Debug|Any CPU.Build.0 = Debug|Any CPU
		{7298B519-F66B-42C7-A22B-AECC5A32D1CF}.Release|Any CPU.ActiveCfg = Release|Any CPU
		{7298B519-F66B-42C7-A22B-AECC5A32D1CF}.Release|Any CPU.Build.0 = Release|Any CPU
	EndGlobalSection
	GlobalSection(SolutionProperties) = preSolution
		HideSolutionNode = FALSE
	EndGlobalSection
	GlobalSection(ExtensibilityGlobals) = postSolution
		SolutionGuid = {F5805BCD-B164-4613-995B-8A2B9C0F1CDD}
	EndGlobalSection
EndGlobal
